
Microsoft Visual Studio Solution File, Format Version 12.00
# Visual Studio Version 17
VisualStudioVersion = 17.8.34330.188
MinimumVisualStudioVersion = 10.0.40219.1
Project("{FAE04EC0-301F-11D3-BF4B-00C04F79EFBC}") = "HospitalManager", "HospitalManager\HospitalManager.csproj", "{72F241BD-35AA-4C2E-80D1-A5550A076ADB}"
EndProject
Project("{FAE04EC0-301F-11D3-BF4B-00C04F79EFBC}") = "HospitalLibrary", "HospitalLibrary\HospitalLibrary.csproj", "{5B3A3480-B3FD-4BA4-9B2A-8437A0193A72}"
EndProject
Global
	GlobalSection(SolutionConfigurationPlatforms) = preSolution
		Debug|Any CPU = Debug|Any CPU
		Release|Any CPU = Release|Any CPU
	EndGlobalSection
	GlobalSection(ProjectConfigurationPlatforms) = postSolution
		{72F241BD-35AA-4C2E-80D1-A5550A076ADB}.Debug|Any CPU.ActiveCfg = Debug|Any CPU
		{72F241BD-35AA-4C2E-80D1-A5550A076ADB}.Debug|Any CPU.Build.0 = Debug|Any CPU
		{72F241BD-35AA-4C2E-80D1-A5550A076ADB}.Release|Any CPU.ActiveCfg = Release|Any CPU
		{72F241BD-35AA-4C2E-80D1-A5550A076ADB}.Release|Any CPU.Build.0 = Release|Any CPU
		{5B3A3480-B3FD-4BA4-9B2A-8437A0193A72}.Debug|Any CPU.ActiveCfg = Debug|Any CPU
		{5B3A3480-B3FD-4BA4-9B2A-8437A0193A72}.Debug|Any CPU.Build.0 = Debug|Any CPU
		{5B3A3480-B3FD-4BA4-9B2A-8437A0193A72}.Release|Any CPU.ActiveCfg = Release|Any CPU
		{5B3A3480-B3FD-4BA4-9B2A-8437A0193A72}.Release|Any CPU.Build.0 = Release|Any CPU
	EndGlobalSection
	GlobalSection(SolutionProperties) = preSolution
		HideSolutionNode = FALSE
	EndGlobalSection
	GlobalSection(ExtensibilityGlobals) = postSolution
		SolutionGuid = {4F618189-52A2-4AE3-9315-D59E14EFAC03}
	EndGlobalSection
EndGlobal
